
Microsoft Visual Studio Solution File, Format Version 12.00
# Visual Studio 15
VisualStudioVersion = 15.0.28010.2041
MinimumVisualStudioVersion = 10.0.40219.1
Project("{C7167F0D-BC9F-4E6E-AFE1-012C56B48DB5}") = "SmartTaskbar", "SmartTaskbar.wapproj", "{C2322816-0679-4362-ADCE-1E3D085143B8}"
EndProject
Project("{FAE04EC0-301F-11D3-BF4B-00C04F79EFBC}") = "Tray", "..\Tray\Tray\Tray.csproj", "{C5FD674F-7B3C-41C4-9C0C-7BFE1788576B}"
EndProject
Global
	GlobalSection(SolutionConfigurationPlatforms) = preSolution
		Debug|Any CPU = Debug|Any CPU
		Release|Any CPU = Release|Any CPU
	EndGlobalSection
	GlobalSection(ProjectConfigurationPlatforms) = postSolution
		{C2322816-0679-4362-ADCE-1E3D085143B8}.Debug|Any CPU.ActiveCfg = Debug|Any CPU
		{C2322816-0679-4362-ADCE-1E3D085143B8}.Debug|Any CPU.Build.0 = Debug|Any CPU
		{C2322816-0679-4362-ADCE-1E3D085143B8}.Debug|Any CPU.Deploy.0 = Debug|Any CPU
		{C2322816-0679-4362-ADCE-1E3D085143B8}.Release|Any CPU.ActiveCfg = Release|Any CPU
		{C2322816-0679-4362-ADCE-1E3D085143B8}.Release|Any CPU.Build.0 = Release|Any CPU
		{C2322816-0679-4362-ADCE-1E3D085143B8}.Release|Any CPU.Deploy.0 = Release|Any CPU
		{C5FD674F-7B3C-41C4-9C0C-7BFE1788576B}.Debug|Any CPU.ActiveCfg = Debug|Any CPU
		{C5FD674F-7B3C-41C4-9C0C-7BFE1788576B}.Debug|Any CPU.Build.0 = Debug|Any CPU
		{C5FD674F-7B3C-41C4-9C0C-7BFE1788576B}.Release|Any CPU.ActiveCfg = Release|Any CPU
		{C5FD674F-7B3C-41C4-9C0C-7BFE1788576B}.Release|Any CPU.Build.0 = Release|Any CPU
	EndGlobalSection
	GlobalSection(SolutionProperties) = preSolution
		HideSolutionNode = FALSE
	EndGlobalSection
	GlobalSection(ExtensibilityGlobals) = postSolution
		SolutionGuid = {7BA13515-C371-4C07-BFC4-B8C1FE02BF57}
	EndGlobalSection
EndGlobal
